
Microsoft Visual Studio Solution File, Format Version 12.00
# Visual Studio Version 17
VisualStudioVersion = 17.1.32414.318
MinimumVisualStudioVersion = 10.0.40219.1
Project("{9A19103F-16F7-4668-BE54-9A1E7A4F7556}") = "MudBlazor.Extensions", "MudBlazor.Extensions\MudBlazor.Extensions.csproj", "{B40775AB-3519-4304-9528-29DD94DC34AB}"
EndProject
Project("{9A19103F-16F7-4668-BE54-9A1E7A4F7556}") = "MainSample.WebAssembly", "Samples\MainSample.WebAssembly\MainSample.WebAssembly.csproj", "{4CD3E8D0-7977-486B-A8A4-6D5DC9423EED}"
EndProject
Project("{9A19103F-16F7-4668-BE54-9A1E7A4F7556}") = "MudBlazor.Extensions.CodeGator.Adapter", "MudBlazor.Extensions.CodeGator.Adapter\MudBlazor.Extensions.CodeGator.Adapter.csproj", "{8D312EBD-3FA9-4F55-8638-4FEABFD4EE7A}"
EndProject
Project("{9A19103F-16F7-4668-BE54-9A1E7A4F7556}") = "MainSample.MAUI.Moana", "Samples\MainSample.MAUI.Moana\MainSample.MAUI.Moana.csproj", "{1874B177-9F53-4F03-864C-45DDF77E6838}"
EndProject
Project("{2150E333-8FDC-42A3-9474-1A3956D46DE8}") = "Samples", "Samples", "{7B19E2F0-E5F5-437B-9501-409EFF6A8A60}"
EndProject
Project("{2150E333-8FDC-42A3-9474-1A3956D46DE8}") = ".scripts", ".scripts", "{BB70EADB-61EA-42F9-9977-355EAC31FDFA}"
	ProjectSection(SolutionItems) = preProject
		build.sh = build.sh
		update-packages.ps1 = update-packages.ps1
	EndProjectSection
EndProject
Project("{2150E333-8FDC-42A3-9474-1A3956D46DE8}") = "Solution Items", "Solution Items", "{D346CB7E-2FA9-4D05-B01C-BDA3D5353982}"
	ProjectSection(SolutionItems) = preProject
		.editorconfig = .editorconfig
		.github\workflows\MudEx.yml = .github\workflows\MudEx.yml
		Shared.props = Shared.props
	EndProjectSection
EndProject
Project("{9A19103F-16F7-4668-BE54-9A1E7A4F7556}") = "MudBlazor.Extensions.Tests", "MudBlazor.Extensions.Tests\MudBlazor.Extensions.Tests.csproj", "{FA8AC591-92E8-4BCA-BD04-CAA07AD98C5A}"
EndProject
Project("{9A19103F-16F7-4668-BE54-9A1E7A4F7556}") = "MainSample.ServerSide", "Samples\MainSample.ServerSide\MainSample.ServerSide.csproj", "{2157700D-95A6-4279-AD8A-F03B6D8B8255}"
EndProject
Project("{2150E333-8FDC-42A3-9474-1A3956D46DE8}") = "TryMudEx", "TryMudEx", "{4A15B7F0-B489-4B0C-99F4-DC2729FFF194}"
EndProject
Project("{9A19103F-16F7-4668-BE54-9A1E7A4F7556}") = "Try.Core", "TryMudEx\Try.Core\Try.Core.csproj", "{8FED433A-1F49-4F42-B00B-CC15031E3A74}"
EndProject
Project("{9A19103F-16F7-4668-BE54-9A1E7A4F7556}") = "Try.Tests", "TryMudEx\Try.Tests\Try.Tests.csproj", "{31BDD4B9-3892-4A68-83A9-A003B05A6C73}"
EndProject
Project("{9A19103F-16F7-4668-BE54-9A1E7A4F7556}") = "TryMudEx.Client", "TryMudEx\TryMudEx.Client\TryMudEx.Client.csproj", "{A471AE31-42DA-48D0-80B4-0931BA49F15F}"
EndProject
Project("{9A19103F-16F7-4668-BE54-9A1E7A4F7556}") = "TryMudEx.Server", "TryMudEx\TryMudEx.Server\TryMudEx.Server.csproj", "{9E893097-9AC8-4D1B-9718-C5E95B78A7DF}"
EndProject
Project("{9A19103F-16F7-4668-BE54-9A1E7A4F7556}") = "Try.UserComponents", "TryMudEx\UserComponents\Try.UserComponents.csproj", "{37975869-21AC-4037-8020-30B18AA79B97}"
EndProject
Project("{9A19103F-16F7-4668-BE54-9A1E7A4F7556}") = "MudBlazor.Examples.Data", "TryMudEx\MudBlazor.Examples.Data\MudBlazor.Examples.Data.csproj", "{C1EE9657-6774-43A2-8B17-5D8D531FF406}"
EndProject
Global
	GlobalSection(SolutionConfigurationPlatforms) = preSolution
		Debug|Any CPU = Debug|Any CPU
		Release|Any CPU = Release|Any CPU
	EndGlobalSection
	GlobalSection(ProjectConfigurationPlatforms) = postSolution
		{B40775AB-3519-4304-9528-29DD94DC34AB}.Debug|Any CPU.ActiveCfg = Debug|Any CPU
		{B40775AB-3519-4304-9528-29DD94DC34AB}.Debug|Any CPU.Build.0 = Debug|Any CPU
		{B40775AB-3519-4304-9528-29DD94DC34AB}.Release|Any CPU.ActiveCfg = Release|Any CPU
		{B40775AB-3519-4304-9528-29DD94DC34AB}.Release|Any CPU.Build.0 = Release|Any CPU
		{4CD3E8D0-7977-486B-A8A4-6D5DC9423EED}.Debug|Any CPU.ActiveCfg = Debug|Any CPU
		{4CD3E8D0-7977-486B-A8A4-6D5DC9423EED}.Debug|Any CPU.Build.0 = Debug|Any CPU
		{4CD3E8D0-7977-486B-A8A4-6D5DC9423EED}.Release|Any CPU.ActiveCfg = Release|Any CPU
		{4CD3E8D0-7977-486B-A8A4-6D5DC9423EED}.Release|Any CPU.Build.0 = Release|Any CPU
		{8D312EBD-3FA9-4F55-8638-4FEABFD4EE7A}.Debug|Any CPU.ActiveCfg = Debug|Any CPU
		{8D312EBD-3FA9-4F55-8638-4FEABFD4EE7A}.Debug|Any CPU.Build.0 = Debug|Any CPU
		{8D312EBD-3FA9-4F55-8638-4FEABFD4EE7A}.Release|Any CPU.ActiveCfg = Release|Any CPU
		{8D312EBD-3FA9-4F55-8638-4FEABFD4EE7A}.Release|Any CPU.Build.0 = Release|Any CPU
		{1874B177-9F53-4F03-864C-45DDF77E6838}.Debug|Any CPU.ActiveCfg = Debug|Any CPU
		{1874B177-9F53-4F03-864C-45DDF77E6838}.Debug|Any CPU.Build.0 = Debug|Any CPU
		{1874B177-9F53-4F03-864C-45DDF77E6838}.Debug|Any CPU.Deploy.0 = Debug|Any CPU
		{1874B177-9F53-4F03-864C-45DDF77E6838}.Release|Any CPU.ActiveCfg = Release|Any CPU
		{FA8AC591-92E8-4BCA-BD04-CAA07AD98C5A}.Debug|Any CPU.ActiveCfg = Debug|Any CPU
		{FA8AC591-92E8-4BCA-BD04-CAA07AD98C5A}.Debug|Any CPU.Build.0 = Debug|Any CPU
		{FA8AC591-92E8-4BCA-BD04-CAA07AD98C5A}.Release|Any CPU.ActiveCfg = Release|Any CPU
		{FA8AC591-92E8-4BCA-BD04-CAA07AD98C5A}.Release|Any CPU.Build.0 = Release|Any CPU
		{2157700D-95A6-4279-AD8A-F03B6D8B8255}.Debug|Any CPU.ActiveCfg = Debug|Any CPU
		{2157700D-95A6-4279-AD8A-F03B6D8B8255}.Debug|Any CPU.Build.0 = Debug|Any CPU
		{2157700D-95A6-4279-AD8A-F03B6D8B8255}.Release|Any CPU.ActiveCfg = Release|Any CPU
		{2157700D-95A6-4279-AD8A-F03B6D8B8255}.Release|Any CPU.Build.0 = Release|Any CPU
		{8FED433A-1F49-4F42-B00B-CC15031E3A74}.Debug|Any CPU.ActiveCfg = Debug|Any CPU
		{8FED433A-1F49-4F42-B00B-CC15031E3A74}.Debug|Any CPU.Build.0 = Debug|Any CPU
		{8FED433A-1F49-4F42-B00B-CC15031E3A74}.Release|Any CPU.ActiveCfg = Release|Any CPU
		{8FED433A-1F49-4F42-B00B-CC15031E3A74}.Release|Any CPU.Build.0 = Release|Any CPU
		{31BDD4B9-3892-4A68-83A9-A003B05A6C73}.Debug|Any CPU.ActiveCfg = Debug|Any CPU
		{31BDD4B9-3892-4A68-83A9-A003B05A6C73}.Debug|Any CPU.Build.0 = Debug|Any CPU
		{31BDD4B9-3892-4A68-83A9-A003B05A6C73}.Release|Any CPU.ActiveCfg = Release|Any CPU
		{31BDD4B9-3892-4A68-83A9-A003B05A6C73}.Release|Any CPU.Build.0 = Release|Any CPU
		{A471AE31-42DA-48D0-80B4-0931BA49F15F}.Debug|Any CPU.ActiveCfg = Debug|Any CPU
		{A471AE31-42DA-48D0-80B4-0931BA49F15F}.Debug|Any CPU.Build.0 = Debug|Any CPU
		{A471AE31-42DA-48D0-80B4-0931BA49F15F}.Release|Any CPU.ActiveCfg = Release|Any CPU
		{A471AE31-42DA-48D0-80B4-0931BA49F15F}.Release|Any CPU.Build.0 = Release|Any CPU
		{9E893097-9AC8-4D1B-9718-C5E95B78A7DF}.Debug|Any CPU.ActiveCfg = Debug|Any CPU
		{9E893097-9AC8-4D1B-9718-C5E95B78A7DF}.Debug|Any CPU.Build.0 = Debug|Any CPU
		{9E893097-9AC8-4D1B-9718-C5E95B78A7DF}.Release|Any CPU.ActiveCfg = Release|Any CPU
		{9E893097-9AC8-4D1B-9718-C5E95B78A7DF}.Release|Any CPU.Build.0 = Release|Any CPU
		{37975869-21AC-4037-8020-30B18AA79B97}.Debug|Any CPU.ActiveCfg = Debug|Any CPU
		{37975869-21AC-4037-8020-30B18AA79B97}.Debug|Any CPU.Build.0 = Debug|Any CPU
		{37975869-21AC-4037-8020-30B18AA79B97}.Release|Any CPU.ActiveCfg = Release|Any CPU
		{37975869-21AC-4037-8020-30B18AA79B97}.Release|Any CPU.Build.0 = Release|Any CPU
		{C1EE9657-6774-43A2-8B17-5D8D531FF406}.Debug|Any CPU.ActiveCfg = Debug|Any CPU
		{C1EE9657-6774-43A2-8B17-5D8D531FF406}.Debug|Any CPU.Build.0 = Debug|Any CPU
		{C1EE9657-6774-43A2-8B17-5D8D531FF406}.Release|Any CPU.ActiveCfg = Release|Any CPU
		{C1EE9657-6774-43A2-8B17-5D8D531FF406}.Release|Any CPU.Build.0 = Release|Any CPU
	EndGlobalSection
	GlobalSection(SolutionProperties) = preSolution
		HideSolutionNode = FALSE
	EndGlobalSection
	GlobalSection(NestedProjects) = preSolution
		{4CD3E8D0-7977-486B-A8A4-6D5DC9423EED} = {7B19E2F0-E5F5-437B-9501-409EFF6A8A60}
		{1874B177-9F53-4F03-864C-45DDF77E6838} = {7B19E2F0-E5F5-437B-9501-409EFF6A8A60}
		{2157700D-95A6-4279-AD8A-F03B6D8B8255} = {7B19E2F0-E5F5-437B-9501-409EFF6A8A60}
		{8FED433A-1F49-4F42-B00B-CC15031E3A74} = {4A15B7F0-B489-4B0C-99F4-DC2729FFF194}
		{31BDD4B9-3892-4A68-83A9-A003B05A6C73} = {4A15B7F0-B489-4B0C-99F4-DC2729FFF194}
		{A471AE31-42DA-48D0-80B4-0931BA49F15F} = {4A15B7F0-B489-4B0C-99F4-DC2729FFF194}
		{9E893097-9AC8-4D1B-9718-C5E95B78A7DF} = {4A15B7F0-B489-4B0C-99F4-DC2729FFF194}
		{37975869-21AC-4037-8020-30B18AA79B97} = {4A15B7F0-B489-4B0C-99F4-DC2729FFF194}
		{C1EE9657-6774-43A2-8B17-5D8D531FF406} = {4A15B7F0-B489-4B0C-99F4-DC2729FFF194}
	EndGlobalSection
	GlobalSection(ExtensibilityGlobals) = postSolution
		SolutionGuid = {9B052338-F6B3-4AE7-BDB8-2674AA90DBD6}
	EndGlobalSection
EndGlobal
