
Microsoft Visual Studio Solution File, Format Version 12.00
# Visual Studio Version 17
VisualStudioVersion = 17.1.32414.318
MinimumVisualStudioVersion = 10.0.40219.1
Project("{9A19103F-16F7-4668-BE54-9A1E7A4F7556}") = "MudBlazor.Extensions", "MudBlazor.Extensions\MudBlazor.Extensions.csproj", "{B40775AB-3519-4304-9528-29DD94DC34AB}"
EndProject
Project("{9A19103F-16F7-4668-BE54-9A1E7A4F7556}") = "MainSample.WebAssembly", "Samples\MainSample.WebAssembly\MainSample.WebAssembly.csproj", "{4CD3E8D0-7977-486B-A8A4-6D5DC9423EED}"
EndProject
Project("{9A19103F-16F7-4668-BE54-9A1E7A4F7556}") = "MudBlazor.Extensions.CodeGator.Adapter", "MudBlazor.Extensions.CodeGator.Adapter\MudBlazor.Extensions.CodeGator.Adapter.csproj", "{8D312EBD-3FA9-4F55-8638-4FEABFD4EE7A}"
EndProject
Project("{9A19103F-16F7-4668-BE54-9A1E7A4F7556}") = "MainSample.MAUI.Moana", "Samples\MainSample.MAUI.Moana\MainSample.MAUI.Moana.csproj", "{1874B177-9F53-4F03-864C-45DDF77E6838}"
EndProject
Project("{2150E333-8FDC-42A3-9474-1A3956D46DE8}") = "Samples", "Samples", "{7B19E2F0-E5F5-437B-9501-409EFF6A8A60}"
EndProject
Project("{2150E333-8FDC-42A3-9474-1A3956D46DE8}") = ".scripts", ".scripts", "{BB70EADB-61EA-42F9-9977-355EAC31FDFA}"
	ProjectSection(SolutionItems) = preProject
		build.sh = build.sh
		update-packages.ps1 = update-packages.ps1
	EndProjectSection
EndProject
Global
	GlobalSection(SolutionConfigurationPlatforms) = preSolution
		Debug|Any CPU = Debug|Any CPU
		Release|Any CPU = Release|Any CPU
	EndGlobalSection
	GlobalSection(ProjectConfigurationPlatforms) = postSolution
		{B40775AB-3519-4304-9528-29DD94DC34AB}.Debug|Any CPU.ActiveCfg = Debug|Any CPU
		{B40775AB-3519-4304-9528-29DD94DC34AB}.Debug|Any CPU.Build.0 = Debug|Any CPU
		{B40775AB-3519-4304-9528-29DD94DC34AB}.Release|Any CPU.ActiveCfg = Release|Any CPU
		{B40775AB-3519-4304-9528-29DD94DC34AB}.Release|Any CPU.Build.0 = Release|Any CPU
		{4CD3E8D0-7977-486B-A8A4-6D5DC9423EED}.Debug|Any CPU.ActiveCfg = Debug|Any CPU
		{4CD3E8D0-7977-486B-A8A4-6D5DC9423EED}.Debug|Any CPU.Build.0 = Debug|Any CPU
		{4CD3E8D0-7977-486B-A8A4-6D5DC9423EED}.Release|Any CPU.ActiveCfg = Release|Any CPU
		{4CD3E8D0-7977-486B-A8A4-6D5DC9423EED}.Release|Any CPU.Build.0 = Release|Any CPU
		{8D312EBD-3FA9-4F55-8638-4FEABFD4EE7A}.Debug|Any CPU.ActiveCfg = Debug|Any CPU
		{8D312EBD-3FA9-4F55-8638-4FEABFD4EE7A}.Debug|Any CPU.Build.0 = Debug|Any CPU
		{8D312EBD-3FA9-4F55-8638-4FEABFD4EE7A}.Release|Any CPU.ActiveCfg = Release|Any CPU
		{8D312EBD-3FA9-4F55-8638-4FEABFD4EE7A}.Release|Any CPU.Build.0 = Release|Any CPU
		{1874B177-9F53-4F03-864C-45DDF77E6838}.Debug|Any CPU.ActiveCfg = Debug|Any CPU
		{1874B177-9F53-4F03-864C-45DDF77E6838}.Debug|Any CPU.Build.0 = Debug|Any CPU
		{1874B177-9F53-4F03-864C-45DDF77E6838}.Debug|Any CPU.Deploy.0 = Debug|Any CPU
		{1874B177-9F53-4F03-864C-45DDF77E6838}.Release|Any CPU.ActiveCfg = Release|Any CPU
		{1874B177-9F53-4F03-864C-45DDF77E6838}.Release|Any CPU.Build.0 = Release|Any CPU
		{1874B177-9F53-4F03-864C-45DDF77E6838}.Release|Any CPU.Deploy.0 = Release|Any CPU
	EndGlobalSection
	GlobalSection(SolutionProperties) = preSolution
		HideSolutionNode = FALSE
	EndGlobalSection
	GlobalSection(NestedProjects) = preSolution
		{4CD3E8D0-7977-486B-A8A4-6D5DC9423EED} = {7B19E2F0-E5F5-437B-9501-409EFF6A8A60}
		{1874B177-9F53-4F03-864C-45DDF77E6838} = {7B19E2F0-E5F5-437B-9501-409EFF6A8A60}
	EndGlobalSection
	GlobalSection(ExtensibilityGlobals) = postSolution
		SolutionGuid = {9B052338-F6B3-4AE7-BDB8-2674AA90DBD6}
	EndGlobalSection
EndGlobal
