<Solution>
  <Folder Name="/Solution Items/">
    <File Path="Directory.Build.props" />
  </Folder>
  <Project Path="MudBlazor.Examples.Data/MudBlazor.Examples.Data.csproj" />
  <Project Path="Try.Tests/Try.Tests.csproj" />
  <Project Path="TryMudEx.Client/TryMudEx.Client.csproj" />
  <Project Path="TryMudEx.Server/TryMudEx.Server.csproj" />
</Solution>
