<Solution>
  <Project Path="MudBlazor.Examples.Data/MudBlazor.Examples.Data.csproj" />
  <Project Path="../Playzor.Blazor/Playzor.Blazor.csproj" />
  <Project Path="../Playzor.Blazor.Editor/Playzor.Blazor.Editor.csproj" />
  <Project Path="../Playzor.Core/Playzor.Core.csproj" />
  <Project Path="../Playzor.Server/Playzor.Server.csproj" />
  <Project Path="../Playzor.UserComponents/Playzor.UserComponents.csproj" />
  <Project Path="Try.Tests/Try.Tests.csproj" />
  <Project Path="TryMudEx.Client/TryMudEx.Client.csproj" />
  <Project Path="TryMudEx.Server/TryMudEx.Server.csproj" />
</Solution>
